
Microsoft Visual Studio Solution File, Format Version 12.00
# Visual Studio Version 16
VisualStudioVersion = 16.0.29806.167
MinimumVisualStudioVersion = 10.0.40219.1
Project("{FAE04EC0-301F-11D3-BF4B-00C04F79EFBC}") = "Lab2ArrayList", "Lab2ArrayList.csproj", "{2293153D-684C-48A6-99F1-80EE2962D7CA}"
EndProject
Global
	GlobalSection(SolutionConfigurationPlatforms) = preSolution
		Debug|Any CPU = Debug|Any CPU
		Release|Any CPU = Release|Any CPU
	EndGlobalSection
	GlobalSection(ProjectConfigurationPlatforms) = postSolution
		{2293153D-684C-48A6-99F1-80EE2962D7CA}.Debug|Any CPU.ActiveCfg = Debug|Any CPU
		{2293153D-684C-48A6-99F1-80EE2962D7CA}.Debug|Any CPU.Build.0 = Debug|Any CPU
		{2293153D-684C-48A6-99F1-80EE2962D7CA}.Release|Any CPU.ActiveCfg = Release|Any CPU
		{2293153D-684C-48A6-99F1-80EE2962D7CA}.Release|Any CPU.Build.0 = Release|Any CPU
	EndGlobalSection
	GlobalSection(SolutionProperties) = preSolution
		HideSolutionNode = FALSE
	EndGlobalSection
	GlobalSection(ExtensibilityGlobals) = postSolution
		SolutionGuid = {B78B303B-30EC-4D54-991D-A08B1985C181}
	EndGlobalSection
EndGlobal
